{
  "nodes": {
    "boldore": {
      "inputs": {
        "flake-utils": "flake-utils",
        "nixpkgs": [
          "nixpkgs"
        ],
        "rust-overlay": "rust-overlay"
      },
      "locked": {
        "lastModified": 1699274193,
        "narHash": "sha256-QAX8FdSmMzdDC3qeV3ZTF3wXz2UlD3LfLZNy3SMt5/I=",
        "owner": "nanoteck137",
        "repo": "boldore",
        "rev": "947c048c9bfab66745b29240939dafcb23b497fe",
        "type": "github"
      },
      "original": {
        "owner": "nanoteck137",
        "repo": "boldore",
        "type": "github"
      }
    },
    "customcaddy": {
      "inputs": {
        "dist": "dist",
        "flake-utils": "flake-utils_3",
        "nixpkgs": "nixpkgs_2"
      },
      "locked": {
        "lastModified": 1695568962,
        "narHash": "sha256-cJbdnp1Lfz7tuxjMTjeF4WvconpoG1CZdz+QScFoHUE=",
        "owner": "nanoteck137",
        "repo": "customcaddy",
        "rev": "ce2215bdf25657951d9fdff2d4f47401c8ae03cc",
        "type": "github"
      },
      "original": {
        "owner": "nanoteck137",
        "repo": "customcaddy",
        "type": "github"
      }
    },
    "dist": {
      "flake": false,
      "locked": {
        "lastModified": 1692317149,
        "narHash": "sha256-b4cDDUcdVoB7kU677nrKf8W/5QMnB5vEaPYVBMllEA8=",
        "owner": "caddyserver",
        "repo": "dist",
        "rev": "b633572824e26a07926a89284ddd1f1c49fbf1d6",
        "type": "github"
      },
      "original": {
        "owner": "caddyserver",
        "repo": "dist",
        "type": "github"
      }
    },
    "flake-compat": {
      "flake": false,
      "locked": {
        "lastModified": 1696426674,
        "narHash": "sha256-kvjfFW7WAETZlt09AgDn1MrtKzP7t90Vf7vypd3OL1U=",
        "owner": "edolstra",
        "repo": "flake-compat",
        "rev": "0f9255e01c2351cc7d116c072cb317785dd33b33",
        "type": "github"
      },
      "original": {
        "owner": "edolstra",
        "repo": "flake-compat",
        "type": "github"
      }
    },
    "flake-parts": {
      "inputs": {
        "nixpkgs-lib": [
          "neovim-nightly-overlay",
          "nixpkgs"
        ]
      },
      "locked": {
        "lastModified": 1701473968,
        "narHash": "sha256-YcVE5emp1qQ8ieHUnxt1wCZCC3ZfAS+SRRWZ2TMda7E=",
        "owner": "hercules-ci",
        "repo": "flake-parts",
        "rev": "34fed993f1674c8d06d58b37ce1e0fe5eebcb9f5",
        "type": "github"
      },
      "original": {
        "owner": "hercules-ci",
        "repo": "flake-parts",
        "type": "github"
      }
    },
    "flake-parts_2": {
      "inputs": {
        "nixpkgs-lib": [
          "neovim-nightly-overlay",
          "hercules-ci-effects",
          "nixpkgs"
        ]
      },
      "locked": {
        "lastModified": 1696343447,
        "narHash": "sha256-B2xAZKLkkeRFG5XcHHSXXcP7To9Xzr59KXeZiRf4vdQ=",
        "owner": "hercules-ci",
        "repo": "flake-parts",
        "rev": "c9afaba3dfa4085dbd2ccb38dfade5141e33d9d4",
        "type": "github"
      },
      "original": {
        "id": "flake-parts",
        "type": "indirect"
      }
    },
    "flake-utils": {
      "inputs": {
        "systems": "systems"
      },
      "locked": {
        "lastModified": 1692799911,
        "narHash": "sha256-3eihraek4qL744EvQXsK1Ha6C3CR7nnT8X2qWap4RNk=",
        "owner": "numtide",
        "repo": "flake-utils",
        "rev": "f9e7cf818399d17d347f847525c5a5a8032e4e44",
        "type": "github"
      },
      "original": {
        "owner": "numtide",
        "repo": "flake-utils",
        "type": "github"
      }
    },
    "flake-utils_10": {
      "inputs": {
        "systems": "systems_10"
      },
      "locked": {
        "lastModified": 1681202837,
        "narHash": "sha256-H+Rh19JDwRtpVPAWp64F+rlEtxUWBAQW28eAi3SRSzg=",
        "owner": "numtide",
        "repo": "flake-utils",
        "rev": "cfacdce06f30d2b68473a46042957675eebb3401",
        "type": "github"
      },
      "original": {
        "owner": "numtide",
        "repo": "flake-utils",
        "type": "github"
      }
    },
    "flake-utils_2": {
      "inputs": {
        "systems": "systems_2"
      },
      "locked": {
        "lastModified": 1681202837,
        "narHash": "sha256-H+Rh19JDwRtpVPAWp64F+rlEtxUWBAQW28eAi3SRSzg=",
        "owner": "numtide",
        "repo": "flake-utils",
        "rev": "cfacdce06f30d2b68473a46042957675eebb3401",
        "type": "github"
      },
      "original": {
        "owner": "numtide",
        "repo": "flake-utils",
        "type": "github"
      }
    },
    "flake-utils_3": {
      "inputs": {
        "systems": "systems_3"
      },
      "locked": {
        "lastModified": 1694529238,
        "narHash": "sha256-zsNZZGTGnMOf9YpHKJqMSsa0dXbfmxeoJ7xHlrt+xmY=",
        "owner": "numtide",
        "repo": "flake-utils",
        "rev": "ff7b65b44d01cf9ba6a71320833626af21126384",
        "type": "github"
      },
      "original": {
        "owner": "numtide",
        "repo": "flake-utils",
        "type": "github"
      }
    },
    "flake-utils_4": {
      "inputs": {
        "systems": "systems_4"
      },
      "locked": {
        "lastModified": 1692799911,
        "narHash": "sha256-3eihraek4qL744EvQXsK1Ha6C3CR7nnT8X2qWap4RNk=",
        "owner": "numtide",
        "repo": "flake-utils",
        "rev": "f9e7cf818399d17d347f847525c5a5a8032e4e44",
        "type": "github"
      },
      "original": {
        "owner": "numtide",
        "repo": "flake-utils",
        "type": "github"
      }
    },
    "flake-utils_5": {
      "inputs": {
        "systems": "systems_5"
      },
      "locked": {
        "lastModified": 1694529238,
        "narHash": "sha256-zsNZZGTGnMOf9YpHKJqMSsa0dXbfmxeoJ7xHlrt+xmY=",
        "owner": "numtide",
        "repo": "flake-utils",
        "rev": "ff7b65b44d01cf9ba6a71320833626af21126384",
        "type": "github"
      },
      "original": {
        "owner": "numtide",
        "repo": "flake-utils",
        "type": "github"
      }
    },
    "flake-utils_6": {
      "inputs": {
        "systems": "systems_6"
      },
      "locked": {
        "lastModified": 1689068808,
        "narHash": "sha256-6ixXo3wt24N/melDWjq70UuHQLxGV8jZvooRanIHXw0=",
        "owner": "numtide",
        "repo": "flake-utils",
        "rev": "919d646de7be200f3bf08cb76ae1f09402b6f9b4",
        "type": "github"
      },
      "original": {
        "owner": "numtide",
        "repo": "flake-utils",
        "type": "github"
      }
    },
    "flake-utils_7": {
      "inputs": {
        "systems": "systems_7"
      },
      "locked": {
        "lastModified": 1705309234,
        "narHash": "sha256-uNRRNRKmJyCRC/8y1RqBkqWBLM034y4qN7EprSdmgyA=",
        "owner": "numtide",
        "repo": "flake-utils",
        "rev": "1ef2e671c3b0c19053962c07dbda38332dcebf26",
        "type": "github"
      },
      "original": {
        "owner": "numtide",
        "repo": "flake-utils",
        "type": "github"
      }
    },
    "flake-utils_8": {
      "inputs": {
        "systems": "systems_8"
      },
      "locked": {
        "lastModified": 1709126324,
        "narHash": "sha256-q6EQdSeUZOG26WelxqkmR7kArjgWCdw5sfJVHPH/7j8=",
        "owner": "numtide",
        "repo": "flake-utils",
        "rev": "d465f4819400de7c8d874d50b982301f28a84605",
        "type": "github"
      },
      "original": {
        "owner": "numtide",
        "repo": "flake-utils",
        "type": "github"
      }
    },
    "flake-utils_9": {
      "inputs": {
        "systems": "systems_9"
      },
      "locked": {
        "lastModified": 1689068808,
        "narHash": "sha256-6ixXo3wt24N/melDWjq70UuHQLxGV8jZvooRanIHXw0=",
        "owner": "numtide",
        "repo": "flake-utils",
        "rev": "919d646de7be200f3bf08cb76ae1f09402b6f9b4",
        "type": "github"
      },
      "original": {
        "owner": "numtide",
        "repo": "flake-utils",
        "type": "github"
      }
    },
    "haunter": {
      "inputs": {
        "flake-utils": "flake-utils_4",
        "nixpkgs": [
          "nixpkgs"
        ]
      },
      "locked": {
        "lastModified": 1693304244,
        "narHash": "sha256-RcWFlrEx/blrFYsj/La/JPS/XzdJSYAOfFE1qPIef7c=",
        "owner": "nanoteck137",
        "repo": "haunter",
        "rev": "bc302561a0063ff0da20d37d6ca60b6e9f300e66",
        "type": "github"
      },
      "original": {
        "owner": "nanoteck137",
        "repo": "haunter",
        "type": "github"
      }
    },
    "hercules-ci-effects": {
      "inputs": {
        "flake-parts": "flake-parts_2",
        "nixpkgs": [
          "neovim-nightly-overlay",
          "nixpkgs"
        ]
      },
      "locked": {
        "lastModified": 1701009247,
        "narHash": "sha256-GuX16rzRze2y7CsewJLTV6qXkXWyEwp6VCZXi8HLruU=",
        "owner": "hercules-ci",
        "repo": "hercules-ci-effects",
        "rev": "31b6cd7569191bfcd0a548575b0e2ef953ed7d09",
        "type": "github"
      },
      "original": {
        "owner": "hercules-ci",
        "repo": "hercules-ci-effects",
        "type": "github"
      }
    },
    "home-manager": {
      "inputs": {
        "nixpkgs": [
          "nixpkgs"
        ]
      },
      "locked": {
        "lastModified": 1702538064,
        "narHash": "sha256-At5GwJPu2tzvS9dllhBoZmqK6lkkh/sOp2YefWRlaL8=",
        "owner": "nix-community",
        "repo": "home-manager",
        "rev": "0e2e443ff24f9d75925e91b89d1da44b863734af",
        "type": "github"
      },
      "original": {
        "owner": "nix-community",
        "repo": "home-manager",
        "type": "github"
      }
    },
    "neovim-flake": {
      "inputs": {
        "flake-utils": "flake-utils_5",
        "nixpkgs": [
          "neovim-nightly-overlay",
          "nixpkgs"
        ]
      },
      "locked": {
        "dir": "contrib",
        "lastModified": 1702505781,
        "narHash": "sha256-a7vX/TBsqD4b/0YrBd4Jpl+Y5b1k3oz6XbzWFiwwzDw=",
        "owner": "neovim",
        "repo": "neovim",
        "rev": "5aa1ba3efe0597a5f508b8220961c75c3359ccdb",
        "type": "github"
      },
      "original": {
        "dir": "contrib",
        "owner": "neovim",
        "repo": "neovim",
        "type": "github"
      }
    },
    "neovim-nightly-overlay": {
      "inputs": {
        "flake-compat": "flake-compat",
        "flake-parts": "flake-parts",
        "hercules-ci-effects": "hercules-ci-effects",
        "neovim-flake": "neovim-flake",
        "nixpkgs": [
          "nixpkgs"
        ]
      },
      "locked": {
        "lastModified": 1702512266,
        "narHash": "sha256-V/str4xE9Xge14Uvmx3Yn654Pp1j4yksm6Ym0euOz6k=",
        "owner": "nix-community",
        "repo": "neovim-nightly-overlay",
        "rev": "aa3c0f14a6f526177cab4d5d06d19bce29583492",
        "type": "github"
      },
      "original": {
        "owner": "nix-community",
        "repo": "neovim-nightly-overlay",
        "type": "github"
      }
    },
    "nix-darwin": {
      "inputs": {
        "nixpkgs": [
          "nixpkgs"
        ]
      },
      "locked": {
        "lastModified": 1700795494,
        "narHash": "sha256-gzGLZSiOhf155FW7262kdHo2YDeugp3VuIFb4/GGng0=",
        "owner": "LnL7",
        "repo": "nix-darwin",
        "rev": "4b9b83d5a92e8c1fbfd8eb27eda375908c11ec4d",
        "type": "github"
      },
      "original": {
        "owner": "LnL7",
        "repo": "nix-darwin",
        "type": "github"
      }
    },
    "nix-github-actions": {
      "inputs": {
        "nixpkgs": [
          "nixneovimplugins",
          "poetry2nix",
          "nixpkgs"
        ]
      },
      "locked": {
        "lastModified": 1688870561,
        "narHash": "sha256-4UYkifnPEw1nAzqqPOTL2MvWtm3sNGw1UTYTalkTcGY=",
        "owner": "nix-community",
        "repo": "nix-github-actions",
        "rev": "165b1650b753316aa7f1787f3005a8d2da0f5301",
        "type": "github"
      },
      "original": {
        "owner": "nix-community",
        "repo": "nix-github-actions",
        "type": "github"
      }
    },
    "nixneovimplugins": {
      "inputs": {
        "flake-utils": "flake-utils_6",
        "nixpkgs": "nixpkgs_3",
        "poetry2nix": "poetry2nix"
      },
      "locked": {
        "lastModified": 1702563644,
        "narHash": "sha256-aCNKE/3tk7h+xQ4ZXVT1ejqhCvQQGPSfgtuEJZlzQjs=",
        "owner": "jooooscha",
        "repo": "nixpkgs-vim-extra-plugins",
        "rev": "52dca550282a076795efe30b519ae50ddc47bb0b",
        "type": "github"
      },
      "original": {
        "owner": "jooooscha",
        "repo": "nixpkgs-vim-extra-plugins",
        "type": "github"
      }
    },
    "nixpkgs": {
      "locked": {
        "lastModified": 1681358109,
        "narHash": "sha256-eKyxW4OohHQx9Urxi7TQlFBTDWII+F+x2hklDOQPB50=",
        "owner": "NixOS",
        "repo": "nixpkgs",
        "rev": "96ba1c52e54e74c3197f4d43026b3f3d92e83ff9",
        "type": "github"
      },
      "original": {
        "owner": "NixOS",
        "ref": "nixpkgs-unstable",
        "repo": "nixpkgs",
        "type": "github"
      }
    },
    "nixpkgs_2": {
      "locked": {
        "lastModified": 1695145219,
        "narHash": "sha256-Eoe9IHbvmo5wEDeJXKFOpKUwxYJIOxKUesounVccNYk=",
        "owner": "NixOS",
        "repo": "nixpkgs",
        "rev": "5ba549eafcf3e33405e5f66decd1a72356632b96",
        "type": "github"
      },
      "original": {
        "owner": "NixOS",
        "ref": "nixos-unstable",
        "repo": "nixpkgs",
        "type": "github"
      }
    },
    "nixpkgs_3": {
      "locked": {
        "lastModified": 1689844446,
        "narHash": "sha256-ud/6XYWbXFAJuTTApWyYlFtlc54NAxChS1T9Ns+qT7M=",
        "owner": "NixOS",
        "repo": "nixpkgs",
        "rev": "2d82894fa1e2d23a22f40275a78bfbb09b92ffde",
        "type": "github"
      },
      "original": {
        "owner": "NixOS",
        "ref": "nixpkgs-unstable",
        "repo": "nixpkgs",
        "type": "github"
      }
    },
    "nixpkgs_4": {
      "locked": {
        "lastModified": 1702312524,
        "narHash": "sha256-gkZJRDBUCpTPBvQk25G0B7vfbpEYM5s5OZqghkjZsnE=",
        "owner": "NixOS",
        "repo": "nixpkgs",
        "rev": "a9bf124c46ef298113270b1f84a164865987a91c",
        "type": "github"
      },
      "original": {
        "owner": "NixOS",
        "ref": "nixos-unstable",
        "repo": "nixpkgs",
        "type": "github"
      }
    },
    "nixpkgs_5": {
      "locked": {
        "lastModified": 1709237383,
        "narHash": "sha256-cy6ArO4k5qTx+l5o+0mL9f5fa86tYUX3ozE1S+Txlds=",
        "owner": "NixOS",
        "repo": "nixpkgs",
        "rev": "1536926ef5621b09bba54035ae2bb6d806d72ac8",
        "type": "github"
      },
      "original": {
        "owner": "NixOS",
        "ref": "nixos-unstable",
        "repo": "nixpkgs",
        "type": "github"
      }
    },
    "nixpkgs_6": {
      "locked": {
        "lastModified": 1681358109,
        "narHash": "sha256-eKyxW4OohHQx9Urxi7TQlFBTDWII+F+x2hklDOQPB50=",
        "owner": "NixOS",
        "repo": "nixpkgs",
        "rev": "96ba1c52e54e74c3197f4d43026b3f3d92e83ff9",
        "type": "github"
      },
      "original": {
        "owner": "NixOS",
        "ref": "nixpkgs-unstable",
        "repo": "nixpkgs",
        "type": "github"
      }
    },
    "nvim-config": {
      "flake": false,
      "locked": {
        "lastModified": 1705905482,
        "narHash": "sha256-hE4oJIp5Cz/um9u238nsPfDbq/DbNsTg0mBJvRopqRI=",
        "owner": "nanoteck137",
        "repo": "nvim-config",
        "rev": "73dc2c0f9b991bf7869a1bd2e46c6b1d8887cbcd",
        "type": "github"
      },
      "original": {
        "owner": "nanoteck137",
        "repo": "nvim-config",
        "type": "github"
      }
    },
    "poetry2nix": {
      "inputs": {
        "flake-utils": [
          "nixneovimplugins",
          "flake-utils"
        ],
        "nix-github-actions": "nix-github-actions",
        "nixpkgs": [
          "nixneovimplugins",
          "nixpkgs"
        ]
      },
      "locked": {
        "lastModified": 1689849924,
        "narHash": "sha256-d259Z2S7CS7Na04qQNQ6LYQILuI7cf4Rpe76qc4mz40=",
        "owner": "nix-community",
        "repo": "poetry2nix",
        "rev": "1d7eda9336f336392d24e9602be5cb9be7ae405c",
        "type": "github"
      },
      "original": {
        "owner": "nix-community",
        "repo": "poetry2nix",
        "type": "github"
      }
    },
    "pyrin": {
      "inputs": {
        "flake-utils": "flake-utils_8",
        "nixpkgs": "nixpkgs_5"
      },
      "locked": {
        "lastModified": 1713279595,
        "narHash": "sha256-L8oaALnJpUAwVibG2c8pdZd9YcHJO3I2955uLHJU05M=",
        "owner": "nanoteck137",
        "repo": "pyrin",
        "rev": "56116fc9b49dfd034154ecbedad7c0863005a39c",
        "type": "github"
      },
      "original": {
        "owner": "nanoteck137",
        "repo": "pyrin",
        "type": "github"
      }
    },
    "root": {
      "inputs": {
        "boldore": "boldore",
        "customcaddy": "customcaddy",
        "haunter": "haunter",
        "home-manager": "home-manager",
        "neovim-nightly-overlay": "neovim-nightly-overlay",
        "nix-darwin": "nix-darwin",
        "nixneovimplugins": "nixneovimplugins",
        "nixpkgs": "nixpkgs_4",
        "nvim-config": "nvim-config",
        "sewaddle": "sewaddle",
        "swadloon": "swadloon"
      }
    },
    "rust-overlay": {
      "inputs": {
        "flake-utils": "flake-utils_2",
        "nixpkgs": "nixpkgs"
      },
      "locked": {
        "lastModified": 1693361441,
        "narHash": "sha256-TRFdMQj9wSKMduNqe/1xF8TzcPWEdcn/hKWcVcZ5fO8=",
        "owner": "oxalica",
        "repo": "rust-overlay",
        "rev": "1fb2aa49635e9f30b6fa211ab7c454f7175e1ba3",
        "type": "github"
      },
      "original": {
        "owner": "oxalica",
        "repo": "rust-overlay",
        "type": "github"
      }
    },
    "rust-overlay_2": {
      "inputs": {
        "flake-utils": "flake-utils_10",
        "nixpkgs": "nixpkgs_6"
      },
      "locked": {
        "lastModified": 1691374719,
        "narHash": "sha256-HCodqnx1Mi2vN4f3hjRPc7+lSQy18vRn8xWW68GeQOg=",
        "owner": "oxalica",
        "repo": "rust-overlay",
        "rev": "b520a3889b24aaf909e287d19d406862ced9ffc9",
        "type": "github"
      },
      "original": {
        "owner": "oxalica",
        "repo": "rust-overlay",
        "type": "github"
      }
    },
    "sewaddle": {
      "inputs": {
        "flake-utils": "flake-utils_7",
        "nixpkgs": [
          "nixpkgs"
        ],
        "pyrin": "pyrin"
      },
      "locked": {
        "lastModified": 1714391166,
        "narHash": "sha256-xXl6gIwe2IZgJOKQgFARgyrbOqoJ1V/xOyxZIjW3hwo=",
        "owner": "nanoteck137",
        "repo": "sewaddle",
        "rev": "603108209fdefbb859a6b041036488460e7857fc",
        "type": "github"
      },
      "original": {
        "owner": "nanoteck137",
        "ref": "new-backend",
        "repo": "sewaddle",
        "type": "github"
      }
    },
    "swadloon": {
      "inputs": {
        "flake-utils": "flake-utils_9",
        "nixpkgs": [
          "nixpkgs"
        ],
        "rust-overlay": "rust-overlay_2"
      },
      "locked": {
        "lastModified": 1699269775,
        "narHash": "sha256-elpZJBYB5Wu+6KS+WeugaLO++Muo86RopOxre2tqc2U=",
        "owner": "nanoteck137",
        "repo": "swadloon",
        "rev": "7d554fd191da58e3bbf3ea93978489734076d9bf",
        "type": "github"
      },
      "original": {
        "owner": "nanoteck137",
        "repo": "swadloon",
        "type": "github"
      }
    },
    "systems": {
      "locked": {
        "lastModified": 1681028828,
        "narHash": "sha256-Vy1rq5AaRuLzOxct8nz4T6wlgyUR7zLU309k9mBC768=",
        "owner": "nix-systems",
        "repo": "default",
        "rev": "da67096a3b9bf56a91d16901293e51ba5b49a27e",
        "type": "github"
      },
      "original": {
        "owner": "nix-systems",
        "repo": "default",
        "type": "github"
      }
    },
    "systems_10": {
      "locked": {
        "lastModified": 1681028828,
        "narHash": "sha256-Vy1rq5AaRuLzOxct8nz4T6wlgyUR7zLU309k9mBC768=",
        "owner": "nix-systems",
        "repo": "default",
        "rev": "da67096a3b9bf56a91d16901293e51ba5b49a27e",
        "type": "github"
      },
      "original": {
        "owner": "nix-systems",
        "repo": "default",
        "type": "github"
      }
    },
    "systems_2": {
      "locked": {
        "lastModified": 1681028828,
        "narHash": "sha256-Vy1rq5AaRuLzOxct8nz4T6wlgyUR7zLU309k9mBC768=",
        "owner": "nix-systems",
        "repo": "default",
        "rev": "da67096a3b9bf56a91d16901293e51ba5b49a27e",
        "type": "github"
      },
      "original": {
        "owner": "nix-systems",
        "repo": "default",
        "type": "github"
      }
    },
    "systems_3": {
      "locked": {
        "lastModified": 1681028828,
        "narHash": "sha256-Vy1rq5AaRuLzOxct8nz4T6wlgyUR7zLU309k9mBC768=",
        "owner": "nix-systems",
        "repo": "default",
        "rev": "da67096a3b9bf56a91d16901293e51ba5b49a27e",
        "type": "github"
      },
      "original": {
        "owner": "nix-systems",
        "repo": "default",
        "type": "github"
      }
    },
    "systems_4": {
      "locked": {
        "lastModified": 1681028828,
        "narHash": "sha256-Vy1rq5AaRuLzOxct8nz4T6wlgyUR7zLU309k9mBC768=",
        "owner": "nix-systems",
        "repo": "default",
        "rev": "da67096a3b9bf56a91d16901293e51ba5b49a27e",
        "type": "github"
      },
      "original": {
        "owner": "nix-systems",
        "repo": "default",
        "type": "github"
      }
    },
    "systems_5": {
      "locked": {
        "lastModified": 1681028828,
        "narHash": "sha256-Vy1rq5AaRuLzOxct8nz4T6wlgyUR7zLU309k9mBC768=",
        "owner": "nix-systems",
        "repo": "default",
        "rev": "da67096a3b9bf56a91d16901293e51ba5b49a27e",
        "type": "github"
      },
      "original": {
        "owner": "nix-systems",
        "repo": "default",
        "type": "github"
      }
    },
    "systems_6": {
      "locked": {
        "lastModified": 1681028828,
        "narHash": "sha256-Vy1rq5AaRuLzOxct8nz4T6wlgyUR7zLU309k9mBC768=",
        "owner": "nix-systems",
        "repo": "default",
        "rev": "da67096a3b9bf56a91d16901293e51ba5b49a27e",
        "type": "github"
      },
      "original": {
        "owner": "nix-systems",
        "repo": "default",
        "type": "github"
      }
    },
    "systems_7": {
      "locked": {
        "lastModified": 1681028828,
        "narHash": "sha256-Vy1rq5AaRuLzOxct8nz4T6wlgyUR7zLU309k9mBC768=",
        "owner": "nix-systems",
        "repo": "default",
        "rev": "da67096a3b9bf56a91d16901293e51ba5b49a27e",
        "type": "github"
      },
      "original": {
        "owner": "nix-systems",
        "repo": "default",
        "type": "github"
      }
    },
    "systems_8": {
      "locked": {
        "lastModified": 1681028828,
        "narHash": "sha256-Vy1rq5AaRuLzOxct8nz4T6wlgyUR7zLU309k9mBC768=",
        "owner": "nix-systems",
        "repo": "default",
        "rev": "da67096a3b9bf56a91d16901293e51ba5b49a27e",
        "type": "github"
      },
      "original": {
        "owner": "nix-systems",
        "repo": "default",
        "type": "github"
      }
    },
    "systems_9": {
      "locked": {
        "lastModified": 1681028828,
        "narHash": "sha256-Vy1rq5AaRuLzOxct8nz4T6wlgyUR7zLU309k9mBC768=",
        "owner": "nix-systems",
        "repo": "default",
        "rev": "da67096a3b9bf56a91d16901293e51ba5b49a27e",
        "type": "github"
      },
      "original": {
        "owner": "nix-systems",
        "repo": "default",
        "type": "github"
      }
    }
  },
  "root": "root",
  "version": 7
}
